
Microsoft Visual Studio Solution File, Format Version 12.00
# Visual Studio 15
VisualStudioVersion = 15.0.28307.329
MinimumVisualStudioVersion = 10.0.40219.1
Project("{FAE04EC0-301F-11D3-BF4B-00C04F79EFBC}") = "O1", "O1\O1.csproj", "{FD3A6DD2-4A15-48BB-B516-A40F74FD95EF}"
EndProject
Global
	GlobalSection(SolutionConfigurationPlatforms) = preSolution
		Debug|Any CPU = Debug|Any CPU
		Release|Any CPU = Release|Any CPU
	EndGlobalSection
	GlobalSection(ProjectConfigurationPlatforms) = postSolution
		{FD3A6DD2-4A15-48BB-B516-A40F74FD95EF}.Debug|Any CPU.ActiveCfg = Debug|Any CPU
		{FD3A6DD2-4A15-48BB-B516-A40F74FD95EF}.Debug|Any CPU.Build.0 = Debug|Any CPU
		{FD3A6DD2-4A15-48BB-B516-A40F74FD95EF}.Release|Any CPU.ActiveCfg = Release|Any CPU
		{FD3A6DD2-4A15-48BB-B516-A40F74FD95EF}.Release|Any CPU.Build.0 = Release|Any CPU
	EndGlobalSection
	GlobalSection(SolutionProperties) = preSolution
		HideSolutionNode = FALSE
	EndGlobalSection
	GlobalSection(ExtensibilityGlobals) = postSolution
		SolutionGuid = {25BB8FCC-4045-43DB-8B57-B31ECB483EB0}
	EndGlobalSection
EndGlobal
