
Microsoft Visual Studio Solution File, Format Version 12.00
# Visual Studio 15
VisualStudioVersion = 15.0.28307.329
MinimumVisualStudioVersion = 10.0.40219.1
Project("{FAE04EC0-301F-11D3-BF4B-00C04F79EFBC}") = "O3", "O3\O3.csproj", "{689BED12-D545-445C-AC2C-F0D1DFDDB014}"
EndProject
Global
	GlobalSection(SolutionConfigurationPlatforms) = preSolution
		Debug|Any CPU = Debug|Any CPU
		Release|Any CPU = Release|Any CPU
	EndGlobalSection
	GlobalSection(ProjectConfigurationPlatforms) = postSolution
		{689BED12-D545-445C-AC2C-F0D1DFDDB014}.Debug|Any CPU.ActiveCfg = Debug|Any CPU
		{689BED12-D545-445C-AC2C-F0D1DFDDB014}.Debug|Any CPU.Build.0 = Debug|Any CPU
		{689BED12-D545-445C-AC2C-F0D1DFDDB014}.Release|Any CPU.ActiveCfg = Release|Any CPU
		{689BED12-D545-445C-AC2C-F0D1DFDDB014}.Release|Any CPU.Build.0 = Release|Any CPU
	EndGlobalSection
	GlobalSection(SolutionProperties) = preSolution
		HideSolutionNode = FALSE
	EndGlobalSection
	GlobalSection(ExtensibilityGlobals) = postSolution
		SolutionGuid = {7E03D1DC-A759-4CA0-8C69-887372A89C80}
	EndGlobalSection
EndGlobal
