
Microsoft Visual Studio Solution File, Format Version 12.00
# Visual Studio Version 16
VisualStudioVersion = 16.0.29306.81
MinimumVisualStudioVersion = 10.0.40219.1
Project("{FAE04EC0-301F-11D3-BF4B-00C04F79EFBC}") = "Kompleks", "Kompleks\Kompleks.csproj", "{1772037B-3DDC-4C41-B9FB-0FA544A6F3B6}"
EndProject
Global
	GlobalSection(SolutionConfigurationPlatforms) = preSolution
		Debug|Any CPU = Debug|Any CPU
		Release|Any CPU = Release|Any CPU
	EndGlobalSection
	GlobalSection(ProjectConfigurationPlatforms) = postSolution
		{1772037B-3DDC-4C41-B9FB-0FA544A6F3B6}.Debug|Any CPU.ActiveCfg = Debug|Any CPU
		{1772037B-3DDC-4C41-B9FB-0FA544A6F3B6}.Debug|Any CPU.Build.0 = Debug|Any CPU
		{1772037B-3DDC-4C41-B9FB-0FA544A6F3B6}.Release|Any CPU.ActiveCfg = Release|Any CPU
		{1772037B-3DDC-4C41-B9FB-0FA544A6F3B6}.Release|Any CPU.Build.0 = Release|Any CPU
	EndGlobalSection
	GlobalSection(SolutionProperties) = preSolution
		HideSolutionNode = FALSE
	EndGlobalSection
	GlobalSection(ExtensibilityGlobals) = postSolution
		SolutionGuid = {FCAF2EE3-2C39-4131-8725-E5E37285BB1E}
	EndGlobalSection
EndGlobal
